
Microsoft Visual Studio Solution File, Format Version 12.00
# Visual Studio 15
VisualStudioVersion = 15.0.28307.421
MinimumVisualStudioVersion = 10.0.40219.1
Project("{FAE04EC0-301F-11D3-BF4B-00C04F79EFBC}") = "lab2", "lab2\lab2.csproj", "{BC24A367-109D-46CA-B9AA-81038F1BEB0B}"
EndProject
Project("{FAE04EC0-301F-11D3-BF4B-00C04F79EFBC}") = "lab3", "lab3\lab3.csproj", "{811AC61A-BD01-481A-B502-9C28CF4C09F0}"
EndProject
Project("{FAE04EC0-301F-11D3-BF4B-00C04F79EFBC}") = "lab4", "lab4\lab4.csproj", "{DC113CDD-686F-4B36-A829-EB00300ADA25}"
EndProject
Global
	GlobalSection(SolutionConfigurationPlatforms) = preSolution
		Debug|Any CPU = Debug|Any CPU
		Release|Any CPU = Release|Any CPU
	EndGlobalSection
	GlobalSection(ProjectConfigurationPlatforms) = postSolution
		{BC24A367-109D-46CA-B9AA-81038F1BEB0B}.Debug|Any CPU.ActiveCfg = Debug|Any CPU
		{BC24A367-109D-46CA-B9AA-81038F1BEB0B}.Debug|Any CPU.Build.0 = Debug|Any CPU
		{BC24A367-109D-46CA-B9AA-81038F1BEB0B}.Release|Any CPU.ActiveCfg = Release|Any CPU
		{BC24A367-109D-46CA-B9AA-81038F1BEB0B}.Release|Any CPU.Build.0 = Release|Any CPU
		{811AC61A-BD01-481A-B502-9C28CF4C09F0}.Debug|Any CPU.ActiveCfg = Debug|Any CPU
		{811AC61A-BD01-481A-B502-9C28CF4C09F0}.Debug|Any CPU.Build.0 = Debug|Any CPU
		{811AC61A-BD01-481A-B502-9C28CF4C09F0}.Release|Any CPU.ActiveCfg = Release|Any CPU
		{811AC61A-BD01-481A-B502-9C28CF4C09F0}.Release|Any CPU.Build.0 = Release|Any CPU
		{DC113CDD-686F-4B36-A829-EB00300ADA25}.Debug|Any CPU.ActiveCfg = Debug|Any CPU
		{DC113CDD-686F-4B36-A829-EB00300ADA25}.Debug|Any CPU.Build.0 = Debug|Any CPU
		{DC113CDD-686F-4B36-A829-EB00300ADA25}.Release|Any CPU.ActiveCfg = Release|Any CPU
		{DC113CDD-686F-4B36-A829-EB00300ADA25}.Release|Any CPU.Build.0 = Release|Any CPU
	EndGlobalSection
	GlobalSection(SolutionProperties) = preSolution
		HideSolutionNode = FALSE
	EndGlobalSection
	GlobalSection(ExtensibilityGlobals) = postSolution
		SolutionGuid = {9F7A4B12-051A-4E33-94A5-C58BE4109163}
	EndGlobalSection
EndGlobal
